
Microsoft Visual Studio Solution File, Format Version 12.00
# Visual Studio 15
Project("{FAE04EC0-301F-11D3-BF4B-00C04F79EFBC}") = "Unity_InterHigh", "Unity_InterHigh.csproj", "{3F5D39FD-E800-6DB8-740E-9D80F2E5EB7C}"
EndProject
Project("{FAE04EC0-301F-11D3-BF4B-00C04F79EFBC}") = "Unity_InterHigh.Editor", "Unity_InterHigh.Editor.csproj", "{B75D9D8A-6243-5C67-0E93-E36EE2BDDDE1}"
EndProject
Global
	GlobalSection(SolutionConfigurationPlatforms) = preSolution
		Debug|Any CPU = Debug|Any CPU
		Release|Any CPU = Release|Any CPU
	EndGlobalSection
	GlobalSection(ProjectConfigurationPlatforms) = postSolution
		{3F5D39FD-E800-6DB8-740E-9D80F2E5EB7C}.Debug|Any CPU.ActiveCfg = Debug|Any CPU
		{3F5D39FD-E800-6DB8-740E-9D80F2E5EB7C}.Debug|Any CPU.Build.0 = Debug|Any CPU
		{3F5D39FD-E800-6DB8-740E-9D80F2E5EB7C}.Release|Any CPU.ActiveCfg = Release|Any CPU
		{3F5D39FD-E800-6DB8-740E-9D80F2E5EB7C}.Release|Any CPU.Build.0 = Release|Any CPU
		{B75D9D8A-6243-5C67-0E93-E36EE2BDDDE1}.Debug|Any CPU.ActiveCfg = Debug|Any CPU
		{B75D9D8A-6243-5C67-0E93-E36EE2BDDDE1}.Debug|Any CPU.Build.0 = Debug|Any CPU
		{B75D9D8A-6243-5C67-0E93-E36EE2BDDDE1}.Release|Any CPU.ActiveCfg = Release|Any CPU
		{B75D9D8A-6243-5C67-0E93-E36EE2BDDDE1}.Release|Any CPU.Build.0 = Release|Any CPU
	EndGlobalSection
	GlobalSection(SolutionProperties) = preSolution
		HideSolutionNode = FALSE
	EndGlobalSection
EndGlobal
